
Microsoft Visual Studio Solution File, Format Version 12.00
# Visual Studio Version 17
VisualStudioVersion = 17.9.34701.34
MinimumVisualStudioVersion = 10.0.40219.1
Project("{9A19103F-16F7-4668-BE54-9A1E7A4F7556}") = "UI", "AppGestionLenceria\UI.csproj", "{5EFC55BD-EA71-48F9-8910-2E2F2A548F1B}"
EndProject
Project("{9A19103F-16F7-4668-BE54-9A1E7A4F7556}") = "Domain", "Domain\Domain.csproj", "{6E5BB719-1D6A-40FD-9F04-9B0896646895}"
EndProject
Project("{9A19103F-16F7-4668-BE54-9A1E7A4F7556}") = "Data", "Data\Data.csproj", "{6545D3C9-1C70-4F51-9FAD-14EA203EBCFF}"
EndProject
Project("{9A19103F-16F7-4668-BE54-9A1E7A4F7556}") = "Services", "Services\Services.csproj", "{CAC8F5C3-DE5C-4A94-82D8-F69F6BB9BBDA}"
EndProject
Global
	GlobalSection(SolutionConfigurationPlatforms) = preSolution
		Debug|Any CPU = Debug|Any CPU
		Release|Any CPU = Release|Any CPU
	EndGlobalSection
	GlobalSection(ProjectConfigurationPlatforms) = postSolution
		{5EFC55BD-EA71-48F9-8910-2E2F2A548F1B}.Debug|Any CPU.ActiveCfg = Debug|Any CPU
		{5EFC55BD-EA71-48F9-8910-2E2F2A548F1B}.Debug|Any CPU.Build.0 = Debug|Any CPU
		{5EFC55BD-EA71-48F9-8910-2E2F2A548F1B}.Release|Any CPU.ActiveCfg = Release|Any CPU
		{5EFC55BD-EA71-48F9-8910-2E2F2A548F1B}.Release|Any CPU.Build.0 = Release|Any CPU
		{6E5BB719-1D6A-40FD-9F04-9B0896646895}.Debug|Any CPU.ActiveCfg = Debug|Any CPU
		{6E5BB719-1D6A-40FD-9F04-9B0896646895}.Debug|Any CPU.Build.0 = Debug|Any CPU
		{6E5BB719-1D6A-40FD-9F04-9B0896646895}.Release|Any CPU.ActiveCfg = Release|Any CPU
		{6E5BB719-1D6A-40FD-9F04-9B0896646895}.Release|Any CPU.Build.0 = Release|Any CPU
		{6545D3C9-1C70-4F51-9FAD-14EA203EBCFF}.Debug|Any CPU.ActiveCfg = Debug|Any CPU
		{6545D3C9-1C70-4F51-9FAD-14EA203EBCFF}.Debug|Any CPU.Build.0 = Debug|Any CPU
		{6545D3C9-1C70-4F51-9FAD-14EA203EBCFF}.Release|Any CPU.ActiveCfg = Release|Any CPU
		{6545D3C9-1C70-4F51-9FAD-14EA203EBCFF}.Release|Any CPU.Build.0 = Release|Any CPU
		{CAC8F5C3-DE5C-4A94-82D8-F69F6BB9BBDA}.Debug|Any CPU.ActiveCfg = Debug|Any CPU
		{CAC8F5C3-DE5C-4A94-82D8-F69F6BB9BBDA}.Debug|Any CPU.Build.0 = Debug|Any CPU
		{CAC8F5C3-DE5C-4A94-82D8-F69F6BB9BBDA}.Release|Any CPU.ActiveCfg = Release|Any CPU
		{CAC8F5C3-DE5C-4A94-82D8-F69F6BB9BBDA}.Release|Any CPU.Build.0 = Release|Any CPU
	EndGlobalSection
	GlobalSection(SolutionProperties) = preSolution
		HideSolutionNode = FALSE
	EndGlobalSection
	GlobalSection(ExtensibilityGlobals) = postSolution
		SolutionGuid = {908D7F15-671B-475D-A568-87B047BA3650}
	EndGlobalSection
EndGlobal
